<?xml version="1.0" encoding="UTF-8"?>
<Scheme
   LastUpgradeVersion = "0730"
   version = "1.3">
   <BuildAction
      parallelizeBuildables = "YES"
      buildImplicitDependencies = "YES">
      <BuildActionEntries>
         <BuildActionEntry
            buildForTesting = "YES"
            buildForRunning = "YES"
            buildForProfiling = "YES"
            buildForArchiving = "YES"
            buildForAnalyzing = "YES">
            <BuildableReference
               BuildableIdentifier = "primary"
               BlueprintIdentifier = "5021547B1DB1DC9A003668E2"
               BuildableName = "&#x767e;&#x601d;&#x5947;&#x89e3;.app"
               BlueprintName = "&#x767e;&#x601d;&#x5947;&#x89e3;"
               ReferencedContainer = "container:&#x767e;&#x601d;&#x5947;&#x89e3;.xcodeproj">
            </BuildableReference>
         </BuildActionEntry>
      </BuildActionEntries>
   </BuildAction>
   <TestAction
      buildConfiguration = "Debug"
      selectedDebuggerIdentifier = "Xcode.DebuggerFoundation.Debugger.LLDB"
      selectedLauncherIdentifier = "Xcode.DebuggerFoundation.Launcher.LLDB"
      shouldUseLaunchSchemeArgsEnv = "YES">
      <Testables>
         <TestableReference
            skipped = "NO">
            <BuildableReference
               BuildableIdentifier = "primary"
               BlueprintIdentifier = "502154941DB1DC9A003668E2"
               BuildableName = "&#x767e;&#x601d;&#x5947;&#x89e3;Tests.xctest"
               BlueprintName = "&#x767e;&#x601d;&#x5947;&#x89e3;Tests"
               ReferencedContainer = "container:&#x767e;&#x601d;&#x5947;&#x89e3;.xcodeproj">
            </BuildableReference>
         </TestableReference>
         <TestableReference
            skipped = "NO">
            <BuildableReference
               BuildableIdentifier = "primary"
               BlueprintIdentifier = "5021549F1DB1DC9A003668E2"
               BuildableName = "&#x767e;&#x601d;&#x5947;&#x89e3;UITests.xctest"
               BlueprintName = "&#x767e;&#x601d;&#x5947;&#x89e3;UITests"
               ReferencedContainer = "container:&#x767e;&#x601d;&#x5947;&#x89e3;.xcodeproj">
            </BuildableReference>
         </TestableReference>
      </Testables>
      <MacroExpansion>
         <BuildableReference
            BuildableIdentifier = "primary"
            BlueprintIdentifier = "5021547B1DB1DC9A003668E2"
            BuildableName = "&#x767e;&#x601d;&#x5947;&#x89e3;.app"
            BlueprintName = "&#x767e;&#x601d;&#x5947;&#x89e3;"
            ReferencedContainer = "container:&#x767e;&#x601d;&#x5947;&#x89e3;.xcodeproj">
         </BuildableReference>
      </MacroExpansion>
      <AdditionalOptions>
      </AdditionalOptions>
   </TestAction>
   <LaunchAction
      buildConfiguration = "Debug"
      selectedDebuggerIdentifier = "Xcode.DebuggerFoundation.Debugger.LLDB"
      selectedLauncherIdentifier = "Xcode.DebuggerFoundation.Launcher.LLDB"
      launchStyle = "0"
      useCustomWorkingDirectory = "NO"
      ignoresPersistentStateOnLaunch = "NO"
      debugDocumentVersioning = "YES"
      debugServiceExtension = "internal"
      allowLocationSimulation = "YES">
      <BuildableProductRunnable
         runnableDebuggingMode = "0">
         <BuildableReference
            BuildableIdentifier = "primary"
            BlueprintIdentifier = "5021547B1DB1DC9A003668E2"
            BuildableName = "&#x767e;&#x601d;&#x5947;&#x89e3;.app"
            BlueprintName = "&#x767e;&#x601d;&#x5947;&#x89e3;"
            ReferencedContainer = "container:&#x767e;&#x601d;&#x5947;&#x89e3;.xcodeproj">
         </BuildableReference>
      </BuildableProductRunnable>
      <AdditionalOptions>
      </AdditionalOptions>
   </LaunchAction>
   <ProfileAction
      buildConfiguration = "Release"
      shouldUseLaunchSchemeArgsEnv = "YES"
      savedToolIdentifier = ""
      useCustomWorkingDirectory = "NO"
      debugDocumentVersioning = "YES">
      <BuildableProductRunnable
         runnableDebuggingMode = "0">
         <BuildableReference
            BuildableIdentifier = "primary"
            BlueprintIdentifier = "5021547B1DB1DC9A003668E2"
            BuildableName = "&#x767e;&#x601d;&#x5947;&#x89e3;.app"
            BlueprintName = "&#x767e;&#x601d;&#x5947;&#x89e3;"
            ReferencedContainer = "container:&#x767e;&#x601d;&#x5947;&#x89e3;.xcodeproj">
         </BuildableReference>
      </BuildableProductRunnable>
   </ProfileAction>
   <AnalyzeAction
      buildConfiguration = "Debug">
   </AnalyzeAction>
   <ArchiveAction
      buildConfiguration = "Release"
      revealArchiveInOrganizer = "YES">
   </ArchiveAction>
</Scheme>
